// !$*UTF8*$!
{
	archiveVersion = 1;
	classes = {
	};
	objectVersion = 50;
	objects = {

/* Begin PBXBuildFile section */
		74157DC320DBBBDF004D9C5E /* AppDelegate.swift in Sources */ = {isa = PBXBuildFile; fileRef = 74157DC220DBBBDF004D9C5E /* AppDelegate.swift */; };
		74157DC520DBBBDF004D9C5E /* DocumentBrowserViewController.swift in Sources */ = {isa = PBXBuildFile; fileRef = 74157DC420DBBBDF004D9C5E /* DocumentBrowserViewController.swift */; };
		74157DC920DBBBDF004D9C5E /* StudyDocument.swift in Sources */ = {isa = PBXBuildFile; fileRef = 74157DC820DBBBDF004D9C5E /* StudyDocument.swift */; };
		74157DCC20DBBBDF004D9C5E /* Main.storyboard in Resources */ = {isa = PBXBuildFile; fileRef = 74157DCA20DBBBDF004D9C5E /* Main.storyboard */; };
		74157DCE20DBBBE0004D9C5E /* Assets.xcassets in Resources */ = {isa = PBXBuildFile; fileRef = 74157DCD20DBBBE0004D9C5E /* Assets.xcassets */; };
		74157DD120DBBBE0004D9C5E /* LaunchScreen.storyboard in Resources */ = {isa = PBXBuildFile; fileRef = 74157DCF20DBBBE0004D9C5E /* LaunchScreen.storyboard */; };
		74157DD920DBC49C004D9C5E /* StudyDataModel.swift in Sources */ = {isa = PBXBuildFile; fileRef = 74157DD820DBC49C004D9C5E /* StudyDataModel.swift */; };
		74157DDB20DBC5BB004D9C5E /* EditorViewController.swift in Sources */ = {isa = PBXBuildFile; fileRef = 74157DDA20DBC5BB004D9C5E /* EditorViewController.swift */; };
/* End PBXBuildFile section */

/* Begin PBXFileReference section */
		74157DBF20DBBBDF004D9C5E /* DocumentStudy.app */ = {isa = PBXFileReference; explicitFileType = wrapper.application; includeInIndex = 0; path = DocumentStudy.app; sourceTree = BUILT_PRODUCTS_DIR; };
		74157DC220DBBBDF004D9C5E /* AppDelegate.swift */ = {isa = PBXFileReference; lastKnownFileType = sourcecode.swift; path = AppDelegate.swift; sourceTree = "<group>"; };
		74157DC420DBBBDF004D9C5E /* DocumentBrowserViewController.swift */ = {isa = PBXFileReference; lastKnownFileType = sourcecode.swift; path = DocumentBrowserViewController.swift; sourceTree = "<group>"; };
		74157DC820DBBBDF004D9C5E /* StudyDocument.swift */ = {isa = PBXFileReference; lastKnownFileType = sourcecode.swift; path = StudyDocument.swift; sourceTree = "<group>"; };
		74157DCB20DBBBDF004D9C5E /* Base */ = {isa = PBXFileReference; lastKnownFileType = file.storyboard; name = Base; path = Base.lproj/Main.storyboard; sourceTree = "<group>"; };
		74157DCD20DBBBE0004D9C5E /* Assets.xcassets */ = {isa = PBXFileReference; lastKnownFileType = folder.assetcatalog; path = Assets.xcassets; sourceTree = "<group>"; };
		74157DD020DBBBE0004D9C5E /* Base */ = {isa = PBXFileReference; lastKnownFileType = file.storyboard; name = Base; path = Base.lproj/LaunchScreen.storyboard; sourceTree = "<group>"; };
		74157DD220DBBBE0004D9C5E /* Info.plist */ = {isa = PBXFileReference; lastKnownFileType = text.plist.xml; path = Info.plist; sourceTree = "<group>"; };
		74157DD820DBC49C004D9C5E /* StudyDataModel.swift */ = {isa = PBXFileReference; lastKnownFileType = sourcecode.swift; path = StudyDataModel.swift; sourceTree = "<group>"; };
		74157DDA20DBC5BB004D9C5E /* EditorViewController.swift */ = {isa = PBXFileReference; lastKnownFileType = sourcecode.swift; path = EditorViewController.swift; sourceTree = "<group>"; };
/* End PBXFileReference section */

/* Begin PBXFrameworksBuildPhase section */
		74157DBC20DBBBDE004D9C5E /* Frameworks */ = {
			isa = PBXFrameworksBuildPhase;
			buildActionMask = 2147483647;
			files = (
			);
			runOnlyForDeploymentPostprocessing = 0;
		};
/* End PBXFrameworksBuildPhase section */

/* Begin PBXGroup section */
		74157DB620DBBBDE004D9C5E = {
			isa = PBXGroup;
			children = (
				74157DC120DBBBDF004D9C5E /* DocumentStudy */,
				74157DC020DBBBDF004D9C5E /* Products */,
			);
			sourceTree = "<group>";
		};
		74157DC020DBBBDF004D9C5E /* Products */ = {
			isa = PBXGroup;
			children = (
				74157DBF20DBBBDF004D9C5E /* DocumentStudy.app */,
			);
			name = Products;
			sourceTree = "<group>";
		};
		74157DC120DBBBDF004D9C5E /* DocumentStudy */ = {
			isa = PBXGroup;
			children = (
				74157DDA20DBC5BB004D9C5E /* EditorViewController.swift */,
				74157DD820DBC49C004D9C5E /* StudyDataModel.swift */,
				74157DC220DBBBDF004D9C5E /* AppDelegate.swift */,
				74157DC420DBBBDF004D9C5E /* DocumentBrowserViewController.swift */,
				74157DC820DBBBDF004D9C5E /* StudyDocument.swift */,
				74157DCA20DBBBDF004D9C5E /* Main.storyboard */,
				74157DCD20DBBBE0004D9C5E /* Assets.xcassets */,
				74157DCF20DBBBE0004D9C5E /* LaunchScreen.storyboard */,
				74157DD220DBBBE0004D9C5E /* Info.plist */,
			);
			path = DocumentStudy;
			sourceTree = "<group>";
		};
/* End PBXGroup section */

/* Begin PBXNativeTarget section */
		74157DBE20DBBBDE004D9C5E /* DocumentStudy */ = {
			isa = PBXNativeTarget;
			buildConfigurationList = 74157DD520DBBBE0004D9C5E /* Build configuration list for PBXNativeTarget "DocumentStudy" */;
			buildPhases = (
				74157DBB20DBBBDE004D9C5E /* Sources */,
				74157DBC20DBBBDE004D9C5E /* Frameworks */,
				74157DBD20DBBBDE004D9C5E /* Resources */,
				74415D8520DBD52100757905 /* ShellScript */,
			);
			buildRules = (
			);
			dependencies = (
			);
			name = DocumentStudy;
			productName = DocumentStudy;
			productReference = 74157DBF20DBBBDF004D9C5E /* DocumentStudy.app */;
			productType = "com.apple.product-type.application";
		};
/* End PBXNativeTarget section */

/* Begin PBXProject section */
		74157DB720DBBBDE004D9C5E /* Project object */ = {
			isa = PBXProject;
			attributes = {
				LastSwiftUpdateCheck = 0940;
				LastUpgradeCheck = 0940;
				ORGANIZATIONNAME = "Phoenix Wu";
				TargetAttributes = {
					74157DBE20DBBBDE004D9C5E = {
						CreatedOnToolsVersion = 9.4.1;
					};
				};
			};
			buildConfigurationList = 74157DBA20DBBBDE004D9C5E /* Build configuration list for PBXProject "DocumentStudy" */;
			compatibilityVersion = "Xcode 9.3";
			developmentRegion = en;
			hasScannedForEncodings = 0;
			knownRegions = (
				en,
				Base,
			);
			mainGroup = 74157DB620DBBBDE004D9C5E;
			productRefGroup = 74157DC020DBBBDF004D9C5E /* Products */;
			projectDirPath = "";
			projectRoot = "";
			targets = (
				74157DBE20DBBBDE004D9C5E /* DocumentStudy */,
			);
		};
/* End PBXProject section */

/* Begin PBXResourcesBuildPhase section */
		74157DBD20DBBBDE004D9C5E /* Resources */ = {
			isa = PBXResourcesBuildPhase;
			buildActionMask = 2147483647;
			files = (
				74157DD120DBBBE0004D9C5E /* LaunchScreen.storyboard in Resources */,
				74157DCE20DBBBE0004D9C5E /* Assets.xcassets in Resources */,
				74157DCC20DBBBDF004D9C5E /* Main.storyboard in Resources */,
			);
			runOnlyForDeploymentPostprocessing = 0;
		};
/* End PBXResourcesBuildPhase section */

/* Begin PBXShellScriptBuildPhase section */
		74415D8520DBD52100757905 /* ShellScript */ = {
			isa = PBXShellScriptBuildPhase;
			buildActionMask = 2147483647;
			files = (
			);
			inputPaths = (
			);
			outputPaths = (
			);
			runOnlyForDeploymentPostprocessing = 0;
			shellPath = /bin/sh;
			shellScript = "KEYWORDS=\"TODO:|FIXME:|\\?\\?\\?:|\\!\\!\\!:\"\nfind ${SRCROOT} \\( -name \"*.h\" -or -name \"*.m\" -or -name \"*.swift\" \\) -print0 | \\\nxargs -0 egrep --with-filename --line-number --only-matching \"($KEYWORDS).*\\$\" | \\\nperl -p -e \"s/($KEYWORDS)/ warning: \\$1/\"";
		};
/* End PBXShellScriptBuildPhase section */

/* Begin PBXSourcesBuildPhase section */
		74157DBB20DBBBDE004D9C5E /* Sources */ = {
			isa = PBXSourcesBuildPhase;
			buildActionMask = 2147483647;
			files = (
				74157DC920DBBBDF004D9C5E /* StudyDocument.swift in Sources */,
				74157DC520DBBBDF004D9C5E /* DocumentBrowserViewController.swift in Sources */,
				74157DC320DBBBDF004D9C5E /* AppDelegate.swift in Sources */,
				74157DDB20DBC5BB004D9C5E /* EditorViewController.swift in Sources */,
				74157DD920DBC49C004D9C5E /* StudyDataModel.swift in Sources */,
			);
			runOnlyForDeploymentPostprocessing = 0;
		};
/* End PBXSourcesBuildPhase section */

/* Begin PBXVariantGroup section */
		74157DCA20DBBBDF004D9C5E /* Main.storyboard */ = {
			isa = PBXVariantGroup;
			children = (
				74157DCB20DBBBDF004D9C5E /* Base */,
			);
			name = Main.storyboard;
			sourceTree = "<group>";
		};
		74157DCF20DBBBE0004D9C5E /* LaunchScreen.storyboard */ = {
			isa = PBXVariantGroup;
			children = (
				74157DD020DBBBE0004D9C5E /* Base */,
			);
			name = LaunchScreen.storyboard;
			sourceTree = "<group>";
		};
/* End PBXVariantGroup section */

/* Begin XCBuildConfiguration section */
		74157DD320DBBBE0004D9C5E /* Debug */ = {
			isa = XCBuildConfiguration;
			buildSettings = {
				ALWAYS_SEARCH_USER_PATHS = NO;
				CLANG_ANALYZER_NONNULL = YES;
				CLANG_ANALYZER_NUMBER_OBJECT_CONVERSION = YES_AGGRESSIVE;
				CLANG_CXX_LANGUAGE_STANDARD = "gnu++14";
				CLANG_CXX_LIBRARY = "libc++";
				CLANG_ENABLE_MODULES = YES;
				CLANG_ENABLE_OBJC_ARC = YES;
				CLANG_ENABLE_OBJC_WEAK = YES;
				CLANG_WARN_BLOCK_CAPTURE_AUTORELEASING = YES;
				CLANG_WARN_BOOL_CONVERSION = YES;
				CLANG_WARN_COMMA = YES;
				CLANG_WARN_CONSTANT_CONVERSION = YES;
				CLANG_WARN_DEPRECATED_OBJC_IMPLEMENTATIONS = YES;
				CLANG_WARN_DIRECT_OBJC_ISA_USAGE = YES_ERROR;
				CLANG_WARN_DOCUMENTATION_COMMENTS = YES;
				CLANG_WARN_EMPTY_BODY = YES;
				CLANG_WARN_ENUM_CONVERSION = YES;
				CLANG_WARN_INFINITE_RECURSION = YES;
				CLANG_WARN_INT_CONVERSION = YES;
				CLANG_WARN_NON_LITERAL_NULL_CONVERSION = YES;
				CLANG_WARN_OBJC_IMPLICIT_RETAIN_SELF = YES;
				CLANG_WARN_OBJC_LITERAL_CONVERSION = YES;
				CLANG_WARN_OBJC_ROOT_CLASS = YES_ERROR;
				CLANG_WARN_RANGE_LOOP_ANALYSIS = YES;
				CLANG_WARN_STRICT_PROTOTYPES = YES;
				CLANG_WARN_SUSPICIOUS_MOVE = YES;
				CLANG_WARN_UNGUARDED_AVAILABILITY = YES_AGGRESSIVE;
				CLANG_WARN_UNREACHABLE_CODE = YES;
				CLANG_WARN__DUPLICATE_METHOD_MATCH = YES;
				CODE_SIGN_IDENTITY = "iPhone Developer";
				COPY_PHASE_STRIP = NO;
				DEBUG_INFORMATION_FORMAT = dwarf;
				ENABLE_STRICT_OBJC_MSGSEND = YES;
				ENABLE_TESTABILITY = YES;
				GCC_C_LANGUAGE_STANDARD = gnu11;
				GCC_DYNAMIC_NO_PIC = NO;
				GCC_NO_COMMON_BLOCKS = YES;
				GCC_OPTIMIZATION_LEVEL = 0;
				GCC_PREPROCESSOR_DEFINITIONS = (
					"DEBUG=1",
					"$(inherited)",
				);
				GCC_WARN_64_TO_32_BIT_CONVERSION = YES;
				GCC_WARN_ABOUT_RETURN_TYPE = YES_ERROR;
				GCC_WARN_UNDECLARED_SELECTOR = YES;
				GCC_WARN_UNINITIALIZED_AUTOS = YES_AGGRESSIVE;
				GCC_WARN_UNUSED_FUNCTION = YES;
				GCC_WARN_UNUSED_VARIABLE = YES;
				IPHONEOS_DEPLOYMENT_TARGET = 11.4;
				MTL_ENABLE_DEBUG_INFO = YES;
				ONLY_ACTIVE_ARCH = YES;
				SDKROOT = iphoneos;
				SWIFT_ACTIVE_COMPILATION_CONDITIONS = DEBUG;
				SWIFT_OPTIMIZATION_LEVEL = "-Onone";
			};
			name = Debug;
		};
		74157DD420DBBBE0004D9C5E /* Release */ = {
			isa = XCBuildConfiguration;
			buildSettings = {
				ALWAYS_SEARCH_USER_PATHS = NO;
				CLANG_ANALYZER_NONNULL = YES;
				CLANG_ANALYZER_NUMBER_OBJECT_CONVERSION = YES_AGGRESSIVE;
				CLANG_CXX_LANGUAGE_STANDARD = "gnu++14";
				CLANG_CXX_LIBRARY = "libc++";
				CLANG_ENABLE_MODULES = YES;
				CLANG_ENABLE_OBJC_ARC = YES;
				CLANG_ENABLE_OBJC_WEAK = YES;
				CLANG_WARN_BLOCK_CAPTURE_AUTORELEASING = YES;
				CLANG_WARN_BOOL_CONVERSION = YES;
				CLANG_WARN_COMMA = YES;
				CLANG_WARN_CONSTANT_CONVERSION = YES;
				CLANG_WARN_DEPRECATED_OBJC_IMPLEMENTATIONS = YES;
				CLANG_WARN_DIRECT_OBJC_ISA_USAGE = YES_ERROR;
				CLANG_WARN_DOCUMENTATION_COMMENTS = YES;
				CLANG_WARN_EMPTY_BODY = YES;
				CLANG_WARN_ENUM_CONVERSION = YES;
				CLANG_WARN_INFINITE_RECURSION = YES;
				CLANG_WARN_INT_CONVERSION = YES;
				CLANG_WARN_NON_LITERAL_NULL_CONVERSION = YES;
				CLANG_WARN_OBJC_IMPLICIT_RETAIN_SELF = YES;
				CLANG_WARN_OBJC_LITERAL_CONVERSION = YES;
				CLANG_WARN_OBJC_ROOT_CLASS = YES_ERROR;
				CLANG_WARN_RANGE_LOOP_ANALYSIS = YES;
				CLANG_WARN_STRICT_PROTOTYPES = YES;
				CLANG_WARN_SUSPICIOUS_MOVE = YES;
				CLANG_WARN_UNGUARDED_AVAILABILITY = YES_AGGRESSIVE;
				CLANG_WARN_UNREACHABLE_CODE = YES;
				CLANG_WARN__DUPLICATE_METHOD_MATCH = YES;
				CODE_SIGN_IDENTITY = "iPhone Developer";
				COPY_PHASE_STRIP = NO;
				DEBUG_INFORMATION_FORMAT = "dwarf-with-dsym";
				ENABLE_NS_ASSERTIONS = NO;
				ENABLE_STRICT_OBJC_MSGSEND = YES;
				GCC_C_LANGUAGE_STANDARD = gnu11;
				GCC_NO_COMMON_BLOCKS = YES;
				GCC_WARN_64_TO_32_BIT_CONVERSION = YES;
				GCC_WARN_ABOUT_RETURN_TYPE = YES_ERROR;
				GCC_WARN_UNDECLARED_SELECTOR = YES;
				GCC_WARN_UNINITIALIZED_AUTOS = YES_AGGRESSIVE;
				GCC_WARN_UNUSED_FUNCTION = YES;
				GCC_WARN_UNUSED_VARIABLE = YES;
				IPHONEOS_DEPLOYMENT_TARGET = 11.4;
				MTL_ENABLE_DEBUG_INFO = NO;
				SDKROOT = iphoneos;
				SWIFT_COMPILATION_MODE = wholemodule;
				SWIFT_OPTIMIZATION_LEVEL = "-O";
				VALIDATE_PRODUCT = YES;
			};
			name = Release;
		};
		74157DD620DBBBE0004D9C5E /* Debug */ = {
			isa = XCBuildConfiguration;
			buildSettings = {
				ASSETCATALOG_COMPILER_APPICON_NAME = AppIcon;
				CODE_SIGN_STYLE = Automatic;
				DEVELOPMENT_TEAM = VHY3WV968G;
				INFOPLIST_FILE = DocumentStudy/Info.plist;
				LD_RUNPATH_SEARCH_PATHS = (
					"$(inherited)",
					"@executable_path/Frameworks",
				);
				PRODUCT_BUNDLE_IDENTIFIER = com.phx.swift.study.DocumentStudy;
				PRODUCT_NAME = "$(TARGET_NAME)";
				SWIFT_VERSION = 4.0;
				TARGETED_DEVICE_FAMILY = "1,2";
			};
			name = Debug;
		};
		74157DD720DBBBE0004D9C5E /* Release */ = {
			isa = XCBuildConfiguration;
			buildSettings = {
				ASSETCATALOG_COMPILER_APPICON_NAME = AppIcon;
				CODE_SIGN_STYLE = Automatic;
				DEVELOPMENT_TEAM = VHY3WV968G;
				INFOPLIST_FILE = DocumentStudy/Info.plist;
				LD_RUNPATH_SEARCH_PATHS = (
					"$(inherited)",
					"@executable_path/Frameworks",
				);
				PRODUCT_BUNDLE_IDENTIFIER = com.phx.swift.study.DocumentStudy;
				PRODUCT_NAME = "$(TARGET_NAME)";
				SWIFT_VERSION = 4.0;
				TARGETED_DEVICE_FAMILY = "1,2";
			};
			name = Release;
		};
/* End XCBuildConfiguration section */

/* Begin XCConfigurationList section */
		74157DBA20DBBBDE004D9C5E /* Build configuration list for PBXProject "DocumentStudy" */ = {
			isa = XCConfigurationList;
			buildConfigurations = (
				74157DD320DBBBE0004D9C5E /* Debug */,
				74157DD420DBBBE0004D9C5E /* Release */,
			);
			defaultConfigurationIsVisible = 0;
			defaultConfigurationName = Release;
		};
		74157DD520DBBBE0004D9C5E /* Build configuration list for PBXNativeTarget "DocumentStudy" */ = {
			isa = XCConfigurationList;
			buildConfigurations = (
				74157DD620DBBBE0004D9C5E /* Debug */,
				74157DD720DBBBE0004D9C5E /* Release */,
			);
			defaultConfigurationIsVisible = 0;
			defaultConfigurationName = Release;
		};
/* End XCConfigurationList section */
	};
	rootObject = 74157DB720DBBBDE004D9C5E /* Project object */;
}
